// !$*UTF8*$!
{
	archiveVersion = 1;
	classes = {
	};
	objectVersion = 46;
	objects = {

/* Begin PBXBuildFile section */
		1E086442200DEB5700694573 /* main.c in Sources */ = {isa = PBXBuildFile; fileRef = 1E086441200DEB5700694573 /* main.c */; };
		1E08644A200DEB8600694573 /* bmp.c in Sources */ = {isa = PBXBuildFile; fileRef = 1E086449200DEB8600694573 /* bmp.c */; };
		1E08644D200DEBBF00694573 /* median_filter.c in Sources */ = {isa = PBXBuildFile; fileRef = 1E08644B200DEBBF00694573 /* median_filter.c */; };
/* End PBXBuildFile section */

/* Begin PBXCopyFilesBuildPhase section */
		1E08643C200DEB5700694573 /* CopyFiles */ = {
			isa = PBXCopyFilesBuildPhase;
			buildActionMask = 2147483647;
			dstPath = /usr/share/man/man1/;
			dstSubfolderSpec = 0;
			files = (
			);
			runOnlyForDeploymentPostprocessing = 1;
		};
/* End PBXCopyFilesBuildPhase section */

/* Begin PBXFileReference section */
		1E08643E200DEB5700694573 /* MedianFilter */ = {isa = PBXFileReference; explicitFileType = "compiled.mach-o.executable"; includeInIndex = 0; path = MedianFilter; sourceTree = BUILT_PRODUCTS_DIR; };
		1E086441200DEB5700694573 /* main.c */ = {isa = PBXFileReference; lastKnownFileType = sourcecode.c.c; path = main.c; sourceTree = "<group>"; };
		1E086448200DEB8600694573 /* bmp.h */ = {isa = PBXFileReference; fileEncoding = 4; lastKnownFileType = sourcecode.c.h; path = bmp.h; sourceTree = "<group>"; };
		1E086449200DEB8600694573 /* bmp.c */ = {isa = PBXFileReference; fileEncoding = 4; lastKnownFileType = sourcecode.c.c; path = bmp.c; sourceTree = "<group>"; };
		1E08644B200DEBBF00694573 /* median_filter.c */ = {isa = PBXFileReference; fileEncoding = 4; lastKnownFileType = sourcecode.c.c; path = median_filter.c; sourceTree = "<group>"; };
		1E08644C200DEBBF00694573 /* median_filter.h */ = {isa = PBXFileReference; fileEncoding = 4; lastKnownFileType = sourcecode.c.h; path = median_filter.h; sourceTree = "<group>"; };
/* End PBXFileReference section */

/* Begin PBXFrameworksBuildPhase section */
		1E08643B200DEB5700694573 /* Frameworks */ = {
			isa = PBXFrameworksBuildPhase;
			buildActionMask = 2147483647;
			files = (
			);
			runOnlyForDeploymentPostprocessing = 0;
		};
/* End PBXFrameworksBuildPhase section */

/* Begin PBXGroup section */
		1E086435200DEB5700694573 = {
			isa = PBXGroup;
			children = (
				1E086440200DEB5700694573 /* MedianFilter */,
				1E08643F200DEB5700694573 /* Products */,
			);
			sourceTree = "<group>";
		};
		1E08643F200DEB5700694573 /* Products */ = {
			isa = PBXGroup;
			children = (
				1E08643E200DEB5700694573 /* MedianFilter */,
			);
			name = Products;
			sourceTree = "<group>";
		};
		1E086440200DEB5700694573 /* MedianFilter */ = {
			isa = PBXGroup;
			children = (
				1E086448200DEB8600694573 /* bmp.h */,
				1E086449200DEB8600694573 /* bmp.c */,
				1E086441200DEB5700694573 /* main.c */,
				1E08644B200DEBBF00694573 /* median_filter.c */,
				1E08644C200DEBBF00694573 /* median_filter.h */,
			);
			path = MedianFilter;
			sourceTree = "<group>";
		};
/* End PBXGroup section */

/* Begin PBXNativeTarget section */
		1E08643D200DEB5700694573 /* MedianFilter */ = {
			isa = PBXNativeTarget;
			buildConfigurationList = 1E086445200DEB5700694573 /* Build configuration list for PBXNativeTarget "MedianFilter" */;
			buildPhases = (
				1E08643A200DEB5700694573 /* Sources */,
				1E08643B200DEB5700694573 /* Frameworks */,
				1E08643C200DEB5700694573 /* CopyFiles */,
			);
			buildRules = (
			);
			dependencies = (
			);
			name = MedianFilter;
			productName = MedianFilter;
			productReference = 1E08643E200DEB5700694573 /* MedianFilter */;
			productType = "com.apple.product-type.tool";
		};
/* End PBXNativeTarget section */

/* Begin PBXProject section */
		1E086436200DEB5700694573 /* Project object */ = {
			isa = PBXProject;
			attributes = {
				LastUpgradeCheck = 0720;
				ORGANIZATIONNAME = wonderidea;
				TargetAttributes = {
					1E08643D200DEB5700694573 = {
						CreatedOnToolsVersion = 7.2.1;
					};
				};
			};
			buildConfigurationList = 1E086439200DEB5700694573 /* Build configuration list for PBXProject "MedianFilter" */;
			compatibilityVersion = "Xcode 3.2";
			developmentRegion = English;
			hasScannedForEncodings = 0;
			knownRegions = (
				en,
			);
			mainGroup = 1E086435200DEB5700694573;
			productRefGroup = 1E08643F200DEB5700694573 /* Products */;
			projectDirPath = "";
			projectRoot = "";
			targets = (
				1E08643D200DEB5700694573 /* MedianFilter */,
			);
		};
/* End PBXProject section */

/* Begin PBXSourcesBuildPhase section */
		1E08643A200DEB5700694573 /* Sources */ = {
			isa = PBXSourcesBuildPhase;
			buildActionMask = 2147483647;
			files = (
				1E086442200DEB5700694573 /* main.c in Sources */,
				1E08644A200DEB8600694573 /* bmp.c in Sources */,
				1E08644D200DEBBF00694573 /* median_filter.c in Sources */,
			);
			runOnlyForDeploymentPostprocessing = 0;
		};
/* End PBXSourcesBuildPhase section */

/* Begin XCBuildConfiguration section */
		1E086443200DEB5700694573 /* Debug */ = {
			isa = XCBuildConfiguration;
			buildSettings = {
				ALWAYS_SEARCH_USER_PATHS = NO;
				CLANG_CXX_LANGUAGE_STANDARD = "gnu++0x";
				CLANG_CXX_LIBRARY = "libc++";
				CLANG_ENABLE_MODULES = YES;
				CLANG_ENABLE_OBJC_ARC = YES;
				CLANG_WARN_BOOL_CONVERSION = YES;
				CLANG_WARN_CONSTANT_CONVERSION = YES;
				CLANG_WARN_DIRECT_OBJC_ISA_USAGE = YES_ERROR;
				CLANG_WARN_EMPTY_BODY = YES;
				CLANG_WARN_ENUM_CONVERSION = YES;
				CLANG_WARN_INT_CONVERSION = YES;
				CLANG_WARN_OBJC_ROOT_CLASS = YES_ERROR;
				CLANG_WARN_UNREACHABLE_CODE = YES;
				CLANG_WARN__DUPLICATE_METHOD_MATCH = YES;
				CODE_SIGN_IDENTITY = "-";
				COPY_PHASE_STRIP = NO;
				DEBUG_INFORMATION_FORMAT = dwarf;
				ENABLE_STRICT_OBJC_MSGSEND = YES;
				ENABLE_TESTABILITY = YES;
				GCC_C_LANGUAGE_STANDARD = gnu99;
				GCC_DYNAMIC_NO_PIC = NO;
				GCC_NO_COMMON_BLOCKS = YES;
				GCC_OPTIMIZATION_LEVEL = 0;
				GCC_PREPROCESSOR_DEFINITIONS = (
					"DEBUG=1",
					"$(inherited)",
				);
				GCC_WARN_64_TO_32_BIT_CONVERSION = YES;
				GCC_WARN_ABOUT_RETURN_TYPE = YES_ERROR;
				GCC_WARN_UNDECLARED_SELECTOR = YES;
				GCC_WARN_UNINITIALIZED_AUTOS = YES_AGGRESSIVE;
				GCC_WARN_UNUSED_FUNCTION = YES;
				GCC_WARN_UNUSED_VARIABLE = YES;
				MACOSX_DEPLOYMENT_TARGET = 10.11;
				MTL_ENABLE_DEBUG_INFO = YES;
				ONLY_ACTIVE_ARCH = YES;
				SDKROOT = macosx;
			};
			name = Debug;
		};
		1E086444200DEB5700694573 /* Release */ = {
			isa = XCBuildConfiguration;
			buildSettings = {
				ALWAYS_SEARCH_USER_PATHS = NO;
				CLANG_CXX_LANGUAGE_STANDARD = "gnu++0x";
				CLANG_CXX_LIBRARY = "libc++";
				CLANG_ENABLE_MODULES = YES;
				CLANG_ENABLE_OBJC_ARC = YES;
				CLANG_WARN_BOOL_CONVERSION = YES;
				CLANG_WARN_CONSTANT_CONVERSION = YES;
				CLANG_WARN_DIRECT_OBJC_ISA_USAGE = YES_ERROR;
				CLANG_WARN_EMPTY_BODY = YES;
				CLANG_WARN_ENUM_CONVERSION = YES;
				CLANG_WARN_INT_CONVERSION = YES;
				CLANG_WARN_OBJC_ROOT_CLASS = YES_ERROR;
				CLANG_WARN_UNREACHABLE_CODE = YES;
				CLANG_WARN__DUPLICATE_METHOD_MATCH = YES;
				CODE_SIGN_IDENTITY = "-";
				COPY_PHASE_STRIP = NO;
				DEBUG_INFORMATION_FORMAT = "dwarf-with-dsym";
				ENABLE_NS_ASSERTIONS = NO;
				ENABLE_STRICT_OBJC_MSGSEND = YES;
				GCC_C_LANGUAGE_STANDARD = gnu99;
				GCC_NO_COMMON_BLOCKS = YES;
				GCC_WARN_64_TO_32_BIT_CONVERSION = YES;
				GCC_WARN_ABOUT_RETURN_TYPE = YES_ERROR;
				GCC_WARN_UNDECLARED_SELECTOR = YES;
				GCC_WARN_UNINITIALIZED_AUTOS = YES_AGGRESSIVE;
				GCC_WARN_UNUSED_FUNCTION = YES;
				GCC_WARN_UNUSED_VARIABLE = YES;
				MACOSX_DEPLOYMENT_TARGET = 10.11;
				MTL_ENABLE_DEBUG_INFO = NO;
				SDKROOT = macosx;
			};
			name = Release;
		};
		1E086446200DEB5700694573 /* Debug */ = {
			isa = XCBuildConfiguration;
			buildSettings = {
				PRODUCT_NAME = "$(TARGET_NAME)";
			};
			name = Debug;
		};
		1E086447200DEB5700694573 /* Release */ = {
			isa = XCBuildConfiguration;
			buildSettings = {
				PRODUCT_NAME = "$(TARGET_NAME)";
			};
			name = Release;
		};
/* End XCBuildConfiguration section */

/* Begin XCConfigurationList section */
		1E086439200DEB5700694573 /* Build configuration list for PBXProject "MedianFilter" */ = {
			isa = XCConfigurationList;
			buildConfigurations = (
				1E086443200DEB5700694573 /* Debug */,
				1E086444200DEB5700694573 /* Release */,
			);
			defaultConfigurationIsVisible = 0;
			defaultConfigurationName = Release;
		};
		1E086445200DEB5700694573 /* Build configuration list for PBXNativeTarget "MedianFilter" */ = {
			isa = XCConfigurationList;
			buildConfigurations = (
				1E086446200DEB5700694573 /* Debug */,
				1E086447200DEB5700694573 /* Release */,
			);
			defaultConfigurationIsVisible = 0;
		};
/* End XCConfigurationList section */
	};
	rootObject = 1E086436200DEB5700694573 /* Project object */;
}
